
Microsoft Visual Studio Solution File, Format Version 12.00
# Visual Studio Version 17
VisualStudioVersion = 17.5.33516.290
MinimumVisualStudioVersion = 10.0.40219.1
Project("{FAE04EC0-301F-11D3-BF4B-00C04F79EFBC}") = "BMSDiffTool", "BMSDiffTool\BMSDiffTool.csproj", "{266C5647-D1ED-4E15-81DF-F2EFA23F4EB7}"
EndProject
Global
	GlobalSection(SolutionConfigurationPlatforms) = preSolution
		Debug|Any CPU = Debug|Any CPU
		Release|Any CPU = Release|Any CPU
	EndGlobalSection
	GlobalSection(ProjectConfigurationPlatforms) = postSolution
		{266C5647-D1ED-4E15-81DF-F2EFA23F4EB7}.Debug|Any CPU.ActiveCfg = Debug|Any CPU
		{266C5647-D1ED-4E15-81DF-F2EFA23F4EB7}.Debug|Any CPU.Build.0 = Debug|Any CPU
		{266C5647-D1ED-4E15-81DF-F2EFA23F4EB7}.Release|Any CPU.ActiveCfg = Release|Any CPU
		{266C5647-D1ED-4E15-81DF-F2EFA23F4EB7}.Release|Any CPU.Build.0 = Release|Any CPU
	EndGlobalSection
	GlobalSection(SolutionProperties) = preSolution
		HideSolutionNode = FALSE
	EndGlobalSection
	GlobalSection(ExtensibilityGlobals) = postSolution
		SolutionGuid = {78AE46E9-EDA0-4C6B-9A11-4A950923436A}
	EndGlobalSection
EndGlobal
